
Microsoft Visual Studio Solution File, Format Version 12.00
# Visual Studio Version 17
VisualStudioVersion = 17.8.34219.65
MinimumVisualStudioVersion = 10.0.40219.1
Project("{FAE04EC0-301F-11D3-BF4B-00C04F79EFBC}") = "NotificationMasterAPI", "NotificationMasterAPI\NotificationMasterAPI.csproj", "{22F593FD-9B8F-4712-A925-382E561DCC93}"
EndProject
Global
	GlobalSection(SolutionConfigurationPlatforms) = preSolution
		Debug|Any CPU = Debug|Any CPU
		Release|Any CPU = Release|Any CPU
	EndGlobalSection
	GlobalSection(ProjectConfigurationPlatforms) = postSolution
		{22F593FD-9B8F-4712-A925-382E561DCC93}.Debug|Any CPU.ActiveCfg = Debug|Any CPU
		{22F593FD-9B8F-4712-A925-382E561DCC93}.Debug|Any CPU.Build.0 = Debug|Any CPU
		{22F593FD-9B8F-4712-A925-382E561DCC93}.Release|Any CPU.ActiveCfg = Release|Any CPU
		{22F593FD-9B8F-4712-A925-382E561DCC93}.Release|Any CPU.Build.0 = Release|Any CPU
	EndGlobalSection
	GlobalSection(SolutionProperties) = preSolution
		HideSolutionNode = FALSE
	EndGlobalSection
	GlobalSection(ExtensibilityGlobals) = postSolution
		SolutionGuid = {66EB31C5-CD18-4CC6-9FCC-382879346C6D}
	EndGlobalSection
EndGlobal
